
Microsoft Visual Studio Solution File, Format Version 12.00
# Visual Studio Version 17
VisualStudioVersion = 17.4.33213.308
MinimumVisualStudioVersion = 10.0.40219.1
Project("{2150E333-8FDC-42A3-9474-1A3956D46DE8}") = "DependencyInjection", "DependencyInjection", "{E90CFB90-5932-46B4-9D1F-AAC0F06D002D}"
EndProject
Project("{2150E333-8FDC-42A3-9474-1A3956D46DE8}") = "xUnit", "xUnit", "{8BFC0303-DF1E-4FB8-B62B-66BE6E5D5A3F}"
EndProject
Project("{9A19103F-16F7-4668-BE54-9A1E7A4F7556}") = "CRUDExample", "xUnit\CRUDExample\CRUDExample.csproj", "{A8775FE6-542B-4134-B10E-39DCCEBC06DA}"
EndProject
Project("{9A19103F-16F7-4668-BE54-9A1E7A4F7556}") = "CRUDTests", "xUnit\CRUDTests\CRUDTests.csproj", "{40C18858-BF1F-407A-8EF9-180065213943}"
EndProject
Project("{9A19103F-16F7-4668-BE54-9A1E7A4F7556}") = "Entities", "xUnit\Entities\Entities.csproj", "{0EDD9373-5532-423C-8E39-39D4B73D49C5}"
EndProject
Project("{9A19103F-16F7-4668-BE54-9A1E7A4F7556}") = "Services", "xUnit\Services\Services.csproj", "{A7DB7ED0-B4EC-4C9D-B2CF-D961F769795F}"
EndProject
Project("{9A19103F-16F7-4668-BE54-9A1E7A4F7556}") = "ServiceContracts", "xUnit\ServiceContracts\ServiceContracts.csproj", "{27542B36-4D2A-4717-ACAF-42782DC0648F}"
EndProject
Project("{9A19103F-16F7-4668-BE54-9A1E7A4F7556}") = "DependencyInjectionExample", "DependencyInjection\DependencyInjectionExample\DependencyInjectionExample.csproj", "{C726E70B-A4DC-47E9-8434-359732691E25}"
EndProject
Project("{9A19103F-16F7-4668-BE54-9A1E7A4F7556}") = "ServiceContracts", "DependencyInjection\ServiceContracts\ServiceContracts.csproj", "{C95307FE-C4AB-4492-999F-05B47A765F67}"
EndProject
Project("{9A19103F-16F7-4668-BE54-9A1E7A4F7556}") = "Services", "DependencyInjection\Services\Services.csproj", "{13C3AC02-ECEF-4ACF-908D-7FD343D0134C}"
EndProject
Project("{9A19103F-16F7-4668-BE54-9A1E7A4F7556}") = "Repositories", "xUnit\Repositories\Repositories.csproj", "{9D290183-9957-4A24-AE3F-B19A3E87C025}"
EndProject
Project("{2150E333-8FDC-42A3-9474-1A3956D46DE8}") = "Basics", "Basics", "{2C8219FD-3CA6-42A7-9F8D-51E414450265}"
EndProject
Project("{2150E333-8FDC-42A3-9474-1A3956D46DE8}") = "Assignments", "Assignments", "{79C58A69-FF2A-4B00-86B1-E13CE3B60C46}"
EndProject
Project("{9A19103F-16F7-4668-BE54-9A1E7A4F7556}") = "Assignment_Controller_Bank", "Assignments\Assignment_Controller_Bank\Assignment_Controller_Bank.csproj", "{B1DF6BFE-5F5A-428A-B012-F27186D0394D}"
EndProject
Project("{9A19103F-16F7-4668-BE54-9A1E7A4F7556}") = "Assignment_LoginUsingMiddleware", "Assignments\Assignment_LoginUsingMiddleware\Assignment_LoginUsingMiddleware.csproj", "{996CCE62-69EA-45AA-BE94-4F0AF03F605A}"
EndProject
Project("{9A19103F-16F7-4668-BE54-9A1E7A4F7556}") = "Assignment_ModelBindingAndValidations", "Assignments\Assignment_ModelBindingAndValidations\Assignment_ModelBindingAndValidations.csproj", "{D34CFB81-279A-45FF-BA78-201835C73053}"
EndProject
Project("{9A19103F-16F7-4668-BE54-9A1E7A4F7556}") = "Assignment_Routing", "Assignments\Assignment_Routing\Assignment_Routing.csproj", "{C8840104-4088-414C-88E7-F4C4C11CBD8C}"
EndProject
Project("{9A19103F-16F7-4668-BE54-9A1E7A4F7556}") = "ConfigurationExample", "Basics\ConfigurationExample\ConfigurationExample.csproj", "{C3D7504A-2358-4F3A-A445-9D8D8D36D709}"
EndProject
Project("{9A19103F-16F7-4668-BE54-9A1E7A4F7556}") = "ControllersExample", "Basics\ControllersExample\ControllersExample.csproj", "{4E9EBD7C-AC88-452E-B638-E0D755B0B0E9}"
EndProject
Project("{9A19103F-16F7-4668-BE54-9A1E7A4F7556}") = "EnvironmentsExample", "Basics\EnvironmentsExample\EnvironmentsExample.csproj", "{1B78D71C-5197-4D41-A327-C4A259552281}"
EndProject
Project("{9A19103F-16F7-4668-BE54-9A1E7A4F7556}") = "IActionResultExample", "Basics\IActionResultExample\IActionResultExample.csproj", "{8B8553B3-74E4-4A66-857C-AB68ACE5251B}"
EndProject
Project("{9A19103F-16F7-4668-BE54-9A1E7A4F7556}") = "LayoutViewsExample", "Basics\LayoutViewsExample\LayoutViewsExample.csproj", "{4F94D717-A008-4A26-96F5-022558F563EB}"
EndProject
Project("{9A19103F-16F7-4668-BE54-9A1E7A4F7556}") = "MiddlewareExample", "Basics\MiddlewareExample\MiddlewareExample.csproj", "{AB77484D-8B54-414D-884B-58D010CB6EFD}"
EndProject
Project("{9A19103F-16F7-4668-BE54-9A1E7A4F7556}") = "ModelBindingExample", "Basics\ModelBindingExample\ModelBindingExample.csproj", "{4DD91B59-D689-4604-BC23-8506F67B2C5D}"
EndProject
Project("{9A19103F-16F7-4668-BE54-9A1E7A4F7556}") = "ModelValidationExample", "Basics\ModelValidationExample\ModelValidationExample.csproj", "{11D32216-01AE-4479-A419-068B6217B204}"
EndProject
Project("{9A19103F-16F7-4668-BE54-9A1E7A4F7556}") = "PartialViewsExample", "Basics\PartialViewsExample\PartialViewsExample.csproj", "{F78163E7-FF59-4424-9C3C-5875328FAB00}"
EndProject
Project("{9A19103F-16F7-4668-BE54-9A1E7A4F7556}") = "RoutingExample", "Basics\RoutingExample\RoutingExample.csproj", "{1FB7C017-6E8D-4413-B042-EDE4FEE36CA4}"
EndProject
Project("{9A19103F-16F7-4668-BE54-9A1E7A4F7556}") = "StaticFilesExample", "Basics\StaticFilesExample\StaticFilesExample.csproj", "{BAE13FD1-CC88-467C-8BDD-3CCD236F4FFE}"
EndProject
Project("{9A19103F-16F7-4668-BE54-9A1E7A4F7556}") = "ViewComponentsExample", "Basics\ViewComponentsExample\ViewComponentsExample.csproj", "{488C826C-D274-48FF-A8B4-AD2E1AF5D394}"
EndProject
Project("{9A19103F-16F7-4668-BE54-9A1E7A4F7556}") = "ViewsExample", "Basics\ViewsExample\ViewsExample.csproj", "{CF634888-F5B2-4881-AC7A-2F88A9774780}"
EndProject
Project("{9A19103F-16F7-4668-BE54-9A1E7A4F7556}") = "RepositoryContracts", "xUnit\RepositoryContracts\RepositoryContracts.csproj", "{3191EA53-E1AA-4B02-83C3-529A1C805B79}"
EndProject
Project("{9A19103F-16F7-4668-BE54-9A1E7A4F7556}") = "Exceptions", "xUnit\Exceptions\Exceptions.csproj", "{07CFDD39-DDCD-4D48-9CE1-A189A79A850A}"
EndProject
Project("{2150E333-8FDC-42A3-9474-1A3956D46DE8}") = "CleanArchitecture", "CleanArchitecture", "{004A6AF0-C729-42B4-8E5D-9BFC2A4E9AEE}"
EndProject
Project("{FAE04EC0-301F-11D3-BF4B-00C04F79EFBC}") = "ContactsManager.UI", "CleanArchitecture\ContactsManager.UI\ContactsManager.UI.csproj", "{83204942-4571-416D-8487-F5639D791880}"
EndProject
Project("{2150E333-8FDC-42A3-9474-1A3956D46DE8}") = "src", "src", "{3EB16FF7-4AFF-41F4-BB50-E3413255407D}"
EndProject
Project("{2150E333-8FDC-42A3-9474-1A3956D46DE8}") = "tests", "tests", "{4D362EB5-D8B5-49B8-8AF9-AF2A0A4A31FD}"
EndProject
Project("{FAE04EC0-301F-11D3-BF4B-00C04F79EFBC}") = "ContactsManager.Core", "CleanArchitecture\ContactsManager.Core\ContactsManager.Core.csproj", "{BD554676-2087-46E8-952F-C5B80E33331C}"
EndProject
Project("{FAE04EC0-301F-11D3-BF4B-00C04F79EFBC}") = "ContactsManager.Infrastructure", "CleanArchitecture\ContactsManager.Infrastructure\ContactsManager.Infrastructure.csproj", "{6501FDA4-4CDB-4709-B1D8-7644146A19D1}"
EndProject
Project("{FAE04EC0-301F-11D3-BF4B-00C04F79EFBC}") = "ContactsManager.ServiceTests", "CleanArchitecture\ContactsManager.ServiceTests\ContactsManager.ServiceTests.csproj", "{C6496F93-2DC9-4351-B849-C3CC80CDDF88}"
EndProject
Project("{FAE04EC0-301F-11D3-BF4B-00C04F79EFBC}") = "ContactsManager.ControllerTests", "CleanArchitecture\ContactsManager.ControllerTests\ContactsManager.ControllerTests.csproj", "{6FF0D791-4E9E-43D4-9F04-349685652FE1}"
EndProject
Project("{FAE04EC0-301F-11D3-BF4B-00C04F79EFBC}") = "ContactsManager.IntegrationTests", "CleanArchitecture\ContactsManager.IntegrationTests\ContactsManager.IntegrationTests.csproj", "{60032E99-697E-4DF8-A9D8-6ECFFE364E61}"
EndProject
Global
	GlobalSection(SolutionConfigurationPlatforms) = preSolution
		Debug|Any CPU = Debug|Any CPU
		Release|Any CPU = Release|Any CPU
	EndGlobalSection
	GlobalSection(ProjectConfigurationPlatforms) = postSolution
		{A8775FE6-542B-4134-B10E-39DCCEBC06DA}.Debug|Any CPU.ActiveCfg = Debug|Any CPU
		{A8775FE6-542B-4134-B10E-39DCCEBC06DA}.Debug|Any CPU.Build.0 = Debug|Any CPU
		{A8775FE6-542B-4134-B10E-39DCCEBC06DA}.Release|Any CPU.ActiveCfg = Release|Any CPU
		{A8775FE6-542B-4134-B10E-39DCCEBC06DA}.Release|Any CPU.Build.0 = Release|Any CPU
		{40C18858-BF1F-407A-8EF9-180065213943}.Debug|Any CPU.ActiveCfg = Debug|Any CPU
		{40C18858-BF1F-407A-8EF9-180065213943}.Debug|Any CPU.Build.0 = Debug|Any CPU
		{40C18858-BF1F-407A-8EF9-180065213943}.Release|Any CPU.ActiveCfg = Release|Any CPU
		{40C18858-BF1F-407A-8EF9-180065213943}.Release|Any CPU.Build.0 = Release|Any CPU
		{0EDD9373-5532-423C-8E39-39D4B73D49C5}.Debug|Any CPU.ActiveCfg = Debug|Any CPU
		{0EDD9373-5532-423C-8E39-39D4B73D49C5}.Debug|Any CPU.Build.0 = Debug|Any CPU
		{0EDD9373-5532-423C-8E39-39D4B73D49C5}.Release|Any CPU.ActiveCfg = Release|Any CPU
		{0EDD9373-5532-423C-8E39-39D4B73D49C5}.Release|Any CPU.Build.0 = Release|Any CPU
		{A7DB7ED0-B4EC-4C9D-B2CF-D961F769795F}.Debug|Any CPU.ActiveCfg = Debug|Any CPU
		{A7DB7ED0-B4EC-4C9D-B2CF-D961F769795F}.Debug|Any CPU.Build.0 = Debug|Any CPU
		{A7DB7ED0-B4EC-4C9D-B2CF-D961F769795F}.Release|Any CPU.ActiveCfg = Release|Any CPU
		{A7DB7ED0-B4EC-4C9D-B2CF-D961F769795F}.Release|Any CPU.Build.0 = Release|Any CPU
		{27542B36-4D2A-4717-ACAF-42782DC0648F}.Debug|Any CPU.ActiveCfg = Debug|Any CPU
		{27542B36-4D2A-4717-ACAF-42782DC0648F}.Debug|Any CPU.Build.0 = Debug|Any CPU
		{27542B36-4D2A-4717-ACAF-42782DC0648F}.Release|Any CPU.ActiveCfg = Release|Any CPU
		{27542B36-4D2A-4717-ACAF-42782DC0648F}.Release|Any CPU.Build.0 = Release|Any CPU
		{C726E70B-A4DC-47E9-8434-359732691E25}.Debug|Any CPU.ActiveCfg = Debug|Any CPU
		{C726E70B-A4DC-47E9-8434-359732691E25}.Debug|Any CPU.Build.0 = Debug|Any CPU
		{C726E70B-A4DC-47E9-8434-359732691E25}.Release|Any CPU.ActiveCfg = Release|Any CPU
		{C726E70B-A4DC-47E9-8434-359732691E25}.Release|Any CPU.Build.0 = Release|Any CPU
		{C95307FE-C4AB-4492-999F-05B47A765F67}.Debug|Any CPU.ActiveCfg = Debug|Any CPU
		{C95307FE-C4AB-4492-999F-05B47A765F67}.Debug|Any CPU.Build.0 = Debug|Any CPU
		{C95307FE-C4AB-4492-999F-05B47A765F67}.Release|Any CPU.ActiveCfg = Release|Any CPU
		{C95307FE-C4AB-4492-999F-05B47A765F67}.Release|Any CPU.Build.0 = Release|Any CPU
		{13C3AC02-ECEF-4ACF-908D-7FD343D0134C}.Debug|Any CPU.ActiveCfg = Debug|Any CPU
		{13C3AC02-ECEF-4ACF-908D-7FD343D0134C}.Debug|Any CPU.Build.0 = Debug|Any CPU
		{13C3AC02-ECEF-4ACF-908D-7FD343D0134C}.Release|Any CPU.ActiveCfg = Release|Any CPU
		{13C3AC02-ECEF-4ACF-908D-7FD343D0134C}.Release|Any CPU.Build.0 = Release|Any CPU
		{9D290183-9957-4A24-AE3F-B19A3E87C025}.Debug|Any CPU.ActiveCfg = Debug|Any CPU
		{9D290183-9957-4A24-AE3F-B19A3E87C025}.Debug|Any CPU.Build.0 = Debug|Any CPU
		{9D290183-9957-4A24-AE3F-B19A3E87C025}.Release|Any CPU.ActiveCfg = Release|Any CPU
		{9D290183-9957-4A24-AE3F-B19A3E87C025}.Release|Any CPU.Build.0 = Release|Any CPU
		{B1DF6BFE-5F5A-428A-B012-F27186D0394D}.Debug|Any CPU.ActiveCfg = Debug|Any CPU
		{B1DF6BFE-5F5A-428A-B012-F27186D0394D}.Debug|Any CPU.Build.0 = Debug|Any CPU
		{B1DF6BFE-5F5A-428A-B012-F27186D0394D}.Release|Any CPU.ActiveCfg = Release|Any CPU
		{B1DF6BFE-5F5A-428A-B012-F27186D0394D}.Release|Any CPU.Build.0 = Release|Any CPU
		{996CCE62-69EA-45AA-BE94-4F0AF03F605A}.Debug|Any CPU.ActiveCfg = Debug|Any CPU
		{996CCE62-69EA-45AA-BE94-4F0AF03F605A}.Debug|Any CPU.Build.0 = Debug|Any CPU
		{996CCE62-69EA-45AA-BE94-4F0AF03F605A}.Release|Any CPU.ActiveCfg = Release|Any CPU
		{996CCE62-69EA-45AA-BE94-4F0AF03F605A}.Release|Any CPU.Build.0 = Release|Any CPU
		{D34CFB81-279A-45FF-BA78-201835C73053}.Debug|Any CPU.ActiveCfg = Debug|Any CPU
		{D34CFB81-279A-45FF-BA78-201835C73053}.Debug|Any CPU.Build.0 = Debug|Any CPU
		{D34CFB81-279A-45FF-BA78-201835C73053}.Release|Any CPU.ActiveCfg = Release|Any CPU
		{D34CFB81-279A-45FF-BA78-201835C73053}.Release|Any CPU.Build.0 = Release|Any CPU
		{C8840104-4088-414C-88E7-F4C4C11CBD8C}.Debug|Any CPU.ActiveCfg = Debug|Any CPU
		{C8840104-4088-414C-88E7-F4C4C11CBD8C}.Debug|Any CPU.Build.0 = Debug|Any CPU
		{C8840104-4088-414C-88E7-F4C4C11CBD8C}.Release|Any CPU.ActiveCfg = Release|Any CPU
		{C8840104-4088-414C-88E7-F4C4C11CBD8C}.Release|Any CPU.Build.0 = Release|Any CPU
		{C3D7504A-2358-4F3A-A445-9D8D8D36D709}.Debug|Any CPU.ActiveCfg = Debug|Any CPU
		{C3D7504A-2358-4F3A-A445-9D8D8D36D709}.Debug|Any CPU.Build.0 = Debug|Any CPU
		{C3D7504A-2358-4F3A-A445-9D8D8D36D709}.Release|Any CPU.ActiveCfg = Release|Any CPU
		{C3D7504A-2358-4F3A-A445-9D8D8D36D709}.Release|Any CPU.Build.0 = Release|Any CPU
		{4E9EBD7C-AC88-452E-B638-E0D755B0B0E9}.Debug|Any CPU.ActiveCfg = Debug|Any CPU
		{4E9EBD7C-AC88-452E-B638-E0D755B0B0E9}.Debug|Any CPU.Build.0 = Debug|Any CPU
		{4E9EBD7C-AC88-452E-B638-E0D755B0B0E9}.Release|Any CPU.ActiveCfg = Release|Any CPU
		{4E9EBD7C-AC88-452E-B638-E0D755B0B0E9}.Release|Any CPU.Build.0 = Release|Any CPU
		{1B78D71C-5197-4D41-A327-C4A259552281}.Debug|Any CPU.ActiveCfg = Debug|Any CPU
		{1B78D71C-5197-4D41-A327-C4A259552281}.Debug|Any CPU.Build.0 = Debug|Any CPU
		{1B78D71C-5197-4D41-A327-C4A259552281}.Release|Any CPU.ActiveCfg = Release|Any CPU
		{1B78D71C-5197-4D41-A327-C4A259552281}.Release|Any CPU.Build.0 = Release|Any CPU
		{8B8553B3-74E4-4A66-857C-AB68ACE5251B}.Debug|Any CPU.ActiveCfg = Debug|Any CPU
		{8B8553B3-74E4-4A66-857C-AB68ACE5251B}.Debug|Any CPU.Build.0 = Debug|Any CPU
		{8B8553B3-74E4-4A66-857C-AB68ACE5251B}.Release|Any CPU.ActiveCfg = Release|Any CPU
		{8B8553B3-74E4-4A66-857C-AB68ACE5251B}.Release|Any CPU.Build.0 = Release|Any CPU
		{4F94D717-A008-4A26-96F5-022558F563EB}.Debug|Any CPU.ActiveCfg = Debug|Any CPU
		{4F94D717-A008-4A26-96F5-022558F563EB}.Debug|Any CPU.Build.0 = Debug|Any CPU
		{4F94D717-A008-4A26-96F5-022558F563EB}.Release|Any CPU.ActiveCfg = Release|Any CPU
		{4F94D717-A008-4A26-96F5-022558F563EB}.Release|Any CPU.Build.0 = Release|Any CPU
		{AB77484D-8B54-414D-884B-58D010CB6EFD}.Debug|Any CPU.ActiveCfg = Debug|Any CPU
		{AB77484D-8B54-414D-884B-58D010CB6EFD}.Debug|Any CPU.Build.0 = Debug|Any CPU
		{AB77484D-8B54-414D-884B-58D010CB6EFD}.Release|Any CPU.ActiveCfg = Release|Any CPU
		{AB77484D-8B54-414D-884B-58D010CB6EFD}.Release|Any CPU.Build.0 = Release|Any CPU
		{4DD91B59-D689-4604-BC23-8506F67B2C5D}.Debug|Any CPU.ActiveCfg = Debug|Any CPU
		{4DD91B59-D689-4604-BC23-8506F67B2C5D}.Debug|Any CPU.Build.0 = Debug|Any CPU
		{4DD91B59-D689-4604-BC23-8506F67B2C5D}.Release|Any CPU.ActiveCfg = Release|Any CPU
		{4DD91B59-D689-4604-BC23-8506F67B2C5D}.Release|Any CPU.Build.0 = Release|Any CPU
		{11D32216-01AE-4479-A419-068B6217B204}.Debug|Any CPU.ActiveCfg = Debug|Any CPU
		{11D32216-01AE-4479-A419-068B6217B204}.Debug|Any CPU.Build.0 = Debug|Any CPU
		{11D32216-01AE-4479-A419-068B6217B204}.Release|Any CPU.ActiveCfg = Release|Any CPU
		{11D32216-01AE-4479-A419-068B6217B204}.Release|Any CPU.Build.0 = Release|Any CPU
		{F78163E7-FF59-4424-9C3C-5875328FAB00}.Debug|Any CPU.ActiveCfg = Debug|Any CPU
		{F78163E7-FF59-4424-9C3C-5875328FAB00}.Debug|Any CPU.Build.0 = Debug|Any CPU
		{F78163E7-FF59-4424-9C3C-5875328FAB00}.Release|Any CPU.ActiveCfg = Release|Any CPU
		{F78163E7-FF59-4424-9C3C-5875328FAB00}.Release|Any CPU.Build.0 = Release|Any CPU
		{1FB7C017-6E8D-4413-B042-EDE4FEE36CA4}.Debug|Any CPU.ActiveCfg = Debug|Any CPU
		{1FB7C017-6E8D-4413-B042-EDE4FEE36CA4}.Debug|Any CPU.Build.0 = Debug|Any CPU
		{1FB7C017-6E8D-4413-B042-EDE4FEE36CA4}.Release|Any CPU.ActiveCfg = Release|Any CPU
		{1FB7C017-6E8D-4413-B042-EDE4FEE36CA4}.Release|Any CPU.Build.0 = Release|Any CPU
		{BAE13FD1-CC88-467C-8BDD-3CCD236F4FFE}.Debug|Any CPU.ActiveCfg = Debug|Any CPU
		{BAE13FD1-CC88-467C-8BDD-3CCD236F4FFE}.Debug|Any CPU.Build.0 = Debug|Any CPU
		{BAE13FD1-CC88-467C-8BDD-3CCD236F4FFE}.Release|Any CPU.ActiveCfg = Release|Any CPU
		{BAE13FD1-CC88-467C-8BDD-3CCD236F4FFE}.Release|Any CPU.Build.0 = Release|Any CPU
		{488C826C-D274-48FF-A8B4-AD2E1AF5D394}.Debug|Any CPU.ActiveCfg = Debug|Any CPU
		{488C826C-D274-48FF-A8B4-AD2E1AF5D394}.Debug|Any CPU.Build.0 = Debug|Any CPU
		{488C826C-D274-48FF-A8B4-AD2E1AF5D394}.Release|Any CPU.ActiveCfg = Release|Any CPU
		{488C826C-D274-48FF-A8B4-AD2E1AF5D394}.Release|Any CPU.Build.0 = Release|Any CPU
		{CF634888-F5B2-4881-AC7A-2F88A9774780}.Debug|Any CPU.ActiveCfg = Debug|Any CPU
		{CF634888-F5B2-4881-AC7A-2F88A9774780}.Debug|Any CPU.Build.0 = Debug|Any CPU
		{CF634888-F5B2-4881-AC7A-2F88A9774780}.Release|Any CPU.ActiveCfg = Release|Any CPU
		{CF634888-F5B2-4881-AC7A-2F88A9774780}.Release|Any CPU.Build.0 = Release|Any CPU
		{3191EA53-E1AA-4B02-83C3-529A1C805B79}.Debug|Any CPU.ActiveCfg = Debug|Any CPU
		{3191EA53-E1AA-4B02-83C3-529A1C805B79}.Debug|Any CPU.Build.0 = Debug|Any CPU
		{3191EA53-E1AA-4B02-83C3-529A1C805B79}.Release|Any CPU.ActiveCfg = Release|Any CPU
		{3191EA53-E1AA-4B02-83C3-529A1C805B79}.Release|Any CPU.Build.0 = Release|Any CPU
		{07CFDD39-DDCD-4D48-9CE1-A189A79A850A}.Debug|Any CPU.ActiveCfg = Debug|Any CPU
		{07CFDD39-DDCD-4D48-9CE1-A189A79A850A}.Debug|Any CPU.Build.0 = Debug|Any CPU
		{07CFDD39-DDCD-4D48-9CE1-A189A79A850A}.Release|Any CPU.ActiveCfg = Release|Any CPU
		{07CFDD39-DDCD-4D48-9CE1-A189A79A850A}.Release|Any CPU.Build.0 = Release|Any CPU
		{83204942-4571-416D-8487-F5639D791880}.Debug|Any CPU.ActiveCfg = Debug|Any CPU
		{83204942-4571-416D-8487-F5639D791880}.Debug|Any CPU.Build.0 = Debug|Any CPU
		{83204942-4571-416D-8487-F5639D791880}.Release|Any CPU.ActiveCfg = Release|Any CPU
		{83204942-4571-416D-8487-F5639D791880}.Release|Any CPU.Build.0 = Release|Any CPU
		{BD554676-2087-46E8-952F-C5B80E33331C}.Debug|Any CPU.ActiveCfg = Debug|Any CPU
		{BD554676-2087-46E8-952F-C5B80E33331C}.Debug|Any CPU.Build.0 = Debug|Any CPU
		{BD554676-2087-46E8-952F-C5B80E33331C}.Release|Any CPU.ActiveCfg = Release|Any CPU
		{BD554676-2087-46E8-952F-C5B80E33331C}.Release|Any CPU.Build.0 = Release|Any CPU
		{6501FDA4-4CDB-4709-B1D8-7644146A19D1}.Debug|Any CPU.ActiveCfg = Debug|Any CPU
		{6501FDA4-4CDB-4709-B1D8-7644146A19D1}.Debug|Any CPU.Build.0 = Debug|Any CPU
		{6501FDA4-4CDB-4709-B1D8-7644146A19D1}.Release|Any CPU.ActiveCfg = Release|Any CPU
		{6501FDA4-4CDB-4709-B1D8-7644146A19D1}.Release|Any CPU.Build.0 = Release|Any CPU
		{C6496F93-2DC9-4351-B849-C3CC80CDDF88}.Debug|Any CPU.ActiveCfg = Debug|Any CPU
		{C6496F93-2DC9-4351-B849-C3CC80CDDF88}.Debug|Any CPU.Build.0 = Debug|Any CPU
		{C6496F93-2DC9-4351-B849-C3CC80CDDF88}.Release|Any CPU.ActiveCfg = Release|Any CPU
		{C6496F93-2DC9-4351-B849-C3CC80CDDF88}.Release|Any CPU.Build.0 = Release|Any CPU
		{6FF0D791-4E9E-43D4-9F04-349685652FE1}.Debug|Any CPU.ActiveCfg = Debug|Any CPU
		{6FF0D791-4E9E-43D4-9F04-349685652FE1}.Debug|Any CPU.Build.0 = Debug|Any CPU
		{6FF0D791-4E9E-43D4-9F04-349685652FE1}.Release|Any CPU.ActiveCfg = Release|Any CPU
		{6FF0D791-4E9E-43D4-9F04-349685652FE1}.Release|Any CPU.Build.0 = Release|Any CPU
		{60032E99-697E-4DF8-A9D8-6ECFFE364E61}.Debug|Any CPU.ActiveCfg = Debug|Any CPU
		{60032E99-697E-4DF8-A9D8-6ECFFE364E61}.Debug|Any CPU.Build.0 = Debug|Any CPU
		{60032E99-697E-4DF8-A9D8-6ECFFE364E61}.Release|Any CPU.ActiveCfg = Release|Any CPU
		{60032E99-697E-4DF8-A9D8-6ECFFE364E61}.Release|Any CPU.Build.0 = Release|Any CPU
	EndGlobalSection
	GlobalSection(SolutionProperties) = preSolution
		HideSolutionNode = FALSE
	EndGlobalSection
	GlobalSection(NestedProjects) = preSolution
		{A8775FE6-542B-4134-B10E-39DCCEBC06DA} = {8BFC0303-DF1E-4FB8-B62B-66BE6E5D5A3F}
		{40C18858-BF1F-407A-8EF9-180065213943} = {8BFC0303-DF1E-4FB8-B62B-66BE6E5D5A3F}
		{0EDD9373-5532-423C-8E39-39D4B73D49C5} = {8BFC0303-DF1E-4FB8-B62B-66BE6E5D5A3F}
		{A7DB7ED0-B4EC-4C9D-B2CF-D961F769795F} = {8BFC0303-DF1E-4FB8-B62B-66BE6E5D5A3F}
		{27542B36-4D2A-4717-ACAF-42782DC0648F} = {8BFC0303-DF1E-4FB8-B62B-66BE6E5D5A3F}
		{C726E70B-A4DC-47E9-8434-359732691E25} = {E90CFB90-5932-46B4-9D1F-AAC0F06D002D}
		{C95307FE-C4AB-4492-999F-05B47A765F67} = {E90CFB90-5932-46B4-9D1F-AAC0F06D002D}
		{13C3AC02-ECEF-4ACF-908D-7FD343D0134C} = {E90CFB90-5932-46B4-9D1F-AAC0F06D002D}
		{9D290183-9957-4A24-AE3F-B19A3E87C025} = {8BFC0303-DF1E-4FB8-B62B-66BE6E5D5A3F}
		{B1DF6BFE-5F5A-428A-B012-F27186D0394D} = {79C58A69-FF2A-4B00-86B1-E13CE3B60C46}
		{996CCE62-69EA-45AA-BE94-4F0AF03F605A} = {79C58A69-FF2A-4B00-86B1-E13CE3B60C46}
		{D34CFB81-279A-45FF-BA78-201835C73053} = {79C58A69-FF2A-4B00-86B1-E13CE3B60C46}
		{C8840104-4088-414C-88E7-F4C4C11CBD8C} = {79C58A69-FF2A-4B00-86B1-E13CE3B60C46}
		{C3D7504A-2358-4F3A-A445-9D8D8D36D709} = {2C8219FD-3CA6-42A7-9F8D-51E414450265}
		{4E9EBD7C-AC88-452E-B638-E0D755B0B0E9} = {2C8219FD-3CA6-42A7-9F8D-51E414450265}
		{1B78D71C-5197-4D41-A327-C4A259552281} = {2C8219FD-3CA6-42A7-9F8D-51E414450265}
		{8B8553B3-74E4-4A66-857C-AB68ACE5251B} = {2C8219FD-3CA6-42A7-9F8D-51E414450265}
		{4F94D717-A008-4A26-96F5-022558F563EB} = {2C8219FD-3CA6-42A7-9F8D-51E414450265}
		{AB77484D-8B54-414D-884B-58D010CB6EFD} = {2C8219FD-3CA6-42A7-9F8D-51E414450265}
		{4DD91B59-D689-4604-BC23-8506F67B2C5D} = {2C8219FD-3CA6-42A7-9F8D-51E414450265}
		{11D32216-01AE-4479-A419-068B6217B204} = {2C8219FD-3CA6-42A7-9F8D-51E414450265}
		{F78163E7-FF59-4424-9C3C-5875328FAB00} = {2C8219FD-3CA6-42A7-9F8D-51E414450265}
		{1FB7C017-6E8D-4413-B042-EDE4FEE36CA4} = {2C8219FD-3CA6-42A7-9F8D-51E414450265}
		{BAE13FD1-CC88-467C-8BDD-3CCD236F4FFE} = {2C8219FD-3CA6-42A7-9F8D-51E414450265}
		{488C826C-D274-48FF-A8B4-AD2E1AF5D394} = {2C8219FD-3CA6-42A7-9F8D-51E414450265}
		{CF634888-F5B2-4881-AC7A-2F88A9774780} = {2C8219FD-3CA6-42A7-9F8D-51E414450265}
		{3191EA53-E1AA-4B02-83C3-529A1C805B79} = {8BFC0303-DF1E-4FB8-B62B-66BE6E5D5A3F}
		{07CFDD39-DDCD-4D48-9CE1-A189A79A850A} = {8BFC0303-DF1E-4FB8-B62B-66BE6E5D5A3F}
		{83204942-4571-416D-8487-F5639D791880} = {3EB16FF7-4AFF-41F4-BB50-E3413255407D}
		{3EB16FF7-4AFF-41F4-BB50-E3413255407D} = {004A6AF0-C729-42B4-8E5D-9BFC2A4E9AEE}
		{4D362EB5-D8B5-49B8-8AF9-AF2A0A4A31FD} = {004A6AF0-C729-42B4-8E5D-9BFC2A4E9AEE}
		{BD554676-2087-46E8-952F-C5B80E33331C} = {3EB16FF7-4AFF-41F4-BB50-E3413255407D}
		{6501FDA4-4CDB-4709-B1D8-7644146A19D1} = {3EB16FF7-4AFF-41F4-BB50-E3413255407D}
		{C6496F93-2DC9-4351-B849-C3CC80CDDF88} = {4D362EB5-D8B5-49B8-8AF9-AF2A0A4A31FD}
		{6FF0D791-4E9E-43D4-9F04-349685652FE1} = {4D362EB5-D8B5-49B8-8AF9-AF2A0A4A31FD}
		{60032E99-697E-4DF8-A9D8-6ECFFE364E61} = {4D362EB5-D8B5-49B8-8AF9-AF2A0A4A31FD}
	EndGlobalSection
	GlobalSection(ExtensibilityGlobals) = postSolution
		SolutionGuid = {E78E4992-BE54-4BC6-B43B-32E21EADA562}
	EndGlobalSection
EndGlobal
